
Microsoft Visual Studio Solution File, Format Version 12.00
# Visual Studio Version 16
VisualStudioVersion = 16.0.30413.136
MinimumVisualStudioVersion = 10.0.40219.1
Project("{FAE04EC0-301F-11D3-BF4B-00C04F79EFBC}") = "ElsoProgramom", "ElsoProgramom\ElsoProgramom.csproj", "{AF57BC33-29E8-4799-8C75-9CF33B9EDEFC}"
EndProject
Global
	GlobalSection(SolutionConfigurationPlatforms) = preSolution
		Debug|Any CPU = Debug|Any CPU
		Release|Any CPU = Release|Any CPU
	EndGlobalSection
	GlobalSection(ProjectConfigurationPlatforms) = postSolution
		{AF57BC33-29E8-4799-8C75-9CF33B9EDEFC}.Debug|Any CPU.ActiveCfg = Debug|Any CPU
		{AF57BC33-29E8-4799-8C75-9CF33B9EDEFC}.Debug|Any CPU.Build.0 = Debug|Any CPU
		{AF57BC33-29E8-4799-8C75-9CF33B9EDEFC}.Release|Any CPU.ActiveCfg = Release|Any CPU
		{AF57BC33-29E8-4799-8C75-9CF33B9EDEFC}.Release|Any CPU.Build.0 = Release|Any CPU
	EndGlobalSection
	GlobalSection(SolutionProperties) = preSolution
		HideSolutionNode = FALSE
	EndGlobalSection
	GlobalSection(ExtensibilityGlobals) = postSolution
		SolutionGuid = {018A2CE6-C676-45E6-8C12-2EAC27C75223}
	EndGlobalSection
EndGlobal
